
Microsoft Visual Studio Solution File, Format Version 12.00
# Visual Studio 15
VisualStudioVersion = 15.0.28307.168
MinimumVisualStudioVersion = 10.0.40219.1
Project("{FAE04EC0-301F-11D3-BF4B-00C04F79EFBC}") = "Sales.Android", "Sales\Sales.Android\Sales.Android.csproj", "{F929F57D-94A1-4F99-B073-7EB33C9377CD}"
EndProject
Project("{FAE04EC0-301F-11D3-BF4B-00C04F79EFBC}") = "Sales.iOS", "Sales\Sales.iOS\Sales.iOS.csproj", "{98D14C63-7DB9-4FDB-AECF-812EA9C6249E}"
EndProject
Project("{FAE04EC0-301F-11D3-BF4B-00C04F79EFBC}") = "Sales.UWP", "Sales\Sales.UWP\Sales.UWP.csproj", "{2E81BA74-78C6-4847-9C75-99A8A49550D0}"
EndProject
Project("{FAE04EC0-301F-11D3-BF4B-00C04F79EFBC}") = "Sales", "Sales\Sales\Sales.csproj", "{37CAC570-A04E-489E-9D61-EC80924559CF}"
EndProject
Project("{FAE04EC0-301F-11D3-BF4B-00C04F79EFBC}") = "Sales.Common", "Sales.Common\Sales.Common.csproj", "{59F649EB-EFC4-40F0-A96B-D268903E399E}"
EndProject
Project("{FAE04EC0-301F-11D3-BF4B-00C04F79EFBC}") = "Sales.Domain", "Sales.Domain\Sales.Domain.csproj", "{2137F0A3-14DC-4BFC-B641-CEEEE8E67CCB}"
EndProject
Project("{FAE04EC0-301F-11D3-BF4B-00C04F79EFBC}") = "Sales.Backend", "Sales.Backend\Sales.Backend.csproj", "{5597BDAF-4EC0-4CF2-A47F-551394F6031D}"
EndProject
Project("{FAE04EC0-301F-11D3-BF4B-00C04F79EFBC}") = "Sales.Api", "Sales.Api\Sales.Api.csproj", "{4CC3551F-4700-4BAB-9E26-6BF147D9A93B}"
EndProject
Global
	GlobalSection(SolutionConfigurationPlatforms) = preSolution
		Ad-Hoc|Any CPU = Ad-Hoc|Any CPU
		Ad-Hoc|ARM = Ad-Hoc|ARM
		Ad-Hoc|iPhone = Ad-Hoc|iPhone
		Ad-Hoc|iPhoneSimulator = Ad-Hoc|iPhoneSimulator
		Ad-Hoc|x64 = Ad-Hoc|x64
		Ad-Hoc|x86 = Ad-Hoc|x86
		AppStore|Any CPU = AppStore|Any CPU
		AppStore|ARM = AppStore|ARM
		AppStore|iPhone = AppStore|iPhone
		AppStore|iPhoneSimulator = AppStore|iPhoneSimulator
		AppStore|x64 = AppStore|x64
		AppStore|x86 = AppStore|x86
		Debug|Any CPU = Debug|Any CPU
		Debug|ARM = Debug|ARM
		Debug|iPhone = Debug|iPhone
		Debug|iPhoneSimulator = Debug|iPhoneSimulator
		Debug|x64 = Debug|x64
		Debug|x86 = Debug|x86
		Release|Any CPU = Release|Any CPU
		Release|ARM = Release|ARM
		Release|iPhone = Release|iPhone
		Release|iPhoneSimulator = Release|iPhoneSimulator
		Release|x64 = Release|x64
		Release|x86 = Release|x86
	EndGlobalSection
	GlobalSection(ProjectConfigurationPlatforms) = postSolution
		{F929F57D-94A1-4F99-B073-7EB33C9377CD}.Ad-Hoc|Any CPU.ActiveCfg = Release|Any CPU
		{F929F57D-94A1-4F99-B073-7EB33C9377CD}.Ad-Hoc|Any CPU.Build.0 = Release|Any CPU
		{F929F57D-94A1-4F99-B073-7EB33C9377CD}.Ad-Hoc|Any CPU.Deploy.0 = Release|Any CPU
		{F929F57D-94A1-4F99-B073-7EB33C9377CD}.Ad-Hoc|ARM.ActiveCfg = Release|Any CPU
		{F929F57D-94A1-4F99-B073-7EB33C9377CD}.Ad-Hoc|ARM.Build.0 = Release|Any CPU
		{F929F57D-94A1-4F99-B073-7EB33C9377CD}.Ad-Hoc|ARM.Deploy.0 = Release|Any CPU
		{F929F57D-94A1-4F99-B073-7EB33C9377CD}.Ad-Hoc|iPhone.ActiveCfg = Release|Any CPU
		{F929F57D-94A1-4F99-B073-7EB33C9377CD}.Ad-Hoc|iPhone.Build.0 = Release|Any CPU
		{F929F57D-94A1-4F99-B073-7EB33C9377CD}.Ad-Hoc|iPhone.Deploy.0 = Release|Any CPU
		{F929F57D-94A1-4F99-B073-7EB33C9377CD}.Ad-Hoc|iPhoneSimulator.ActiveCfg = Release|Any CPU
		{F929F57D-94A1-4F99-B073-7EB33C9377CD}.Ad-Hoc|iPhoneSimulator.Build.0 = Release|Any CPU
		{F929F57D-94A1-4F99-B073-7EB33C9377CD}.Ad-Hoc|iPhoneSimulator.Deploy.0 = Release|Any CPU
		{F929F57D-94A1-4F99-B073-7EB33C9377CD}.Ad-Hoc|x64.ActiveCfg = Release|Any CPU
		{F929F57D-94A1-4F99-B073-7EB33C9377CD}.Ad-Hoc|x64.Build.0 = Release|Any CPU
		{F929F57D-94A1-4F99-B073-7EB33C9377CD}.Ad-Hoc|x64.Deploy.0 = Release|Any CPU
		{F929F57D-94A1-4F99-B073-7EB33C9377CD}.Ad-Hoc|x86.ActiveCfg = Release|Any CPU
		{F929F57D-94A1-4F99-B073-7EB33C9377CD}.Ad-Hoc|x86.Build.0 = Release|Any CPU
		{F929F57D-94A1-4F99-B073-7EB33C9377CD}.Ad-Hoc|x86.Deploy.0 = Release|Any CPU
		{F929F57D-94A1-4F99-B073-7EB33C9377CD}.AppStore|Any CPU.ActiveCfg = Release|Any CPU
		{F929F57D-94A1-4F99-B073-7EB33C9377CD}.AppStore|Any CPU.Build.0 = Release|Any CPU
		{F929F57D-94A1-4F99-B073-7EB33C9377CD}.AppStore|Any CPU.Deploy.0 = Release|Any CPU
		{F929F57D-94A1-4F99-B073-7EB33C9377CD}.AppStore|ARM.ActiveCfg = Release|Any CPU
		{F929F57D-94A1-4F99-B073-7EB33C9377CD}.AppStore|ARM.Build.0 = Release|Any CPU
		{F929F57D-94A1-4F99-B073-7EB33C9377CD}.AppStore|ARM.Deploy.0 = Release|Any CPU
		{F929F57D-94A1-4F99-B073-7EB33C9377CD}.AppStore|iPhone.ActiveCfg = Release|Any CPU
		{F929F57D-94A1-4F99-B073-7EB33C9377CD}.AppStore|iPhone.Build.0 = Release|Any CPU
		{F929F57D-94A1-4F99-B073-7EB33C9377CD}.AppStore|iPhone.Deploy.0 = Release|Any CPU
		{F929F57D-94A1-4F99-B073-7EB33C9377CD}.AppStore|iPhoneSimulator.ActiveCfg = Release|Any CPU
		{F929F57D-94A1-4F99-B073-7EB33C9377CD}.AppStore|iPhoneSimulator.Build.0 = Release|Any CPU
		{F929F57D-94A1-4F99-B073-7EB33C9377CD}.AppStore|iPhoneSimulator.Deploy.0 = Release|Any CPU
		{F929F57D-94A1-4F99-B073-7EB33C9377CD}.AppStore|x64.ActiveCfg = Release|Any CPU
		{F929F57D-94A1-4F99-B073-7EB33C9377CD}.AppStore|x64.Build.0 = Release|Any CPU
		{F929F57D-94A1-4F99-B073-7EB33C9377CD}.AppStore|x64.Deploy.0 = Release|Any CPU
		{F929F57D-94A1-4F99-B073-7EB33C9377CD}.AppStore|x86.ActiveCfg = Release|Any CPU
		{F929F57D-94A1-4F99-B073-7EB33C9377CD}.AppStore|x86.Build.0 = Release|Any CPU
		{F929F57D-94A1-4F99-B073-7EB33C9377CD}.AppStore|x86.Deploy.0 = Release|Any CPU
		{F929F57D-94A1-4F99-B073-7EB33C9377CD}.Debug|Any CPU.ActiveCfg = Debug|Any CPU
		{F929F57D-94A1-4F99-B073-7EB33C9377CD}.Debug|Any CPU.Build.0 = Debug|Any CPU
		{F929F57D-94A1-4F99-B073-7EB33C9377CD}.Debug|Any CPU.Deploy.0 = Debug|Any CPU
		{F929F57D-94A1-4F99-B073-7EB33C9377CD}.Debug|ARM.ActiveCfg = Debug|Any CPU
		{F929F57D-94A1-4F99-B073-7EB33C9377CD}.Debug|ARM.Build.0 = Debug|Any CPU
		{F929F57D-94A1-4F99-B073-7EB33C9377CD}.Debug|ARM.Deploy.0 = Debug|Any CPU
		{F929F57D-94A1-4F99-B073-7EB33C9377CD}.Debug|iPhone.ActiveCfg = Debug|Any CPU
		{F929F57D-94A1-4F99-B073-7EB33C9377CD}.Debug|iPhone.Build.0 = Debug|Any CPU
		{F929F57D-94A1-4F99-B073-7EB33C9377CD}.Debug|iPhone.Deploy.0 = Debug|Any CPU
		{F929F57D-94A1-4F99-B073-7EB33C9377CD}.Debug|iPhoneSimulator.ActiveCfg = Debug|Any CPU
		{F929F57D-94A1-4F99-B073-7EB33C9377CD}.Debug|iPhoneSimulator.Build.0 = Debug|Any CPU
		{F929F57D-94A1-4F99-B073-7EB33C9377CD}.Debug|iPhoneSimulator.Deploy.0 = Debug|Any CPU
		{F929F57D-94A1-4F99-B073-7EB33C9377CD}.Debug|x64.ActiveCfg = Debug|Any CPU
		{F929F57D-94A1-4F99-B073-7EB33C9377CD}.Debug|x64.Build.0 = Debug|Any CPU
		{F929F57D-94A1-4F99-B073-7EB33C9377CD}.Debug|x64.Deploy.0 = Debug|Any CPU
		{F929F57D-94A1-4F99-B073-7EB33C9377CD}.Debug|x86.ActiveCfg = Debug|Any CPU
		{F929F57D-94A1-4F99-B073-7EB33C9377CD}.Debug|x86.Build.0 = Debug|Any CPU
		{F929F57D-94A1-4F99-B073-7EB33C9377CD}.Debug|x86.Deploy.0 = Debug|Any CPU
		{F929F57D-94A1-4F99-B073-7EB33C9377CD}.Release|Any CPU.ActiveCfg = Release|Any CPU
		{F929F57D-94A1-4F99-B073-7EB33C9377CD}.Release|Any CPU.Build.0 = Release|Any CPU
		{F929F57D-94A1-4F99-B073-7EB33C9377CD}.Release|Any CPU.Deploy.0 = Release|Any CPU
		{F929F57D-94A1-4F99-B073-7EB33C9377CD}.Release|ARM.ActiveCfg = Release|Any CPU
		{F929F57D-94A1-4F99-B073-7EB33C9377CD}.Release|ARM.Build.0 = Release|Any CPU
		{F929F57D-94A1-4F99-B073-7EB33C9377CD}.Release|ARM.Deploy.0 = Release|Any CPU
		{F929F57D-94A1-4F99-B073-7EB33C9377CD}.Release|iPhone.ActiveCfg = Release|Any CPU
		{F929F57D-94A1-4F99-B073-7EB33C9377CD}.Release|iPhone.Build.0 = Release|Any CPU
		{F929F57D-94A1-4F99-B073-7EB33C9377CD}.Release|iPhone.Deploy.0 = Release|Any CPU
		{F929F57D-94A1-4F99-B073-7EB33C9377CD}.Release|iPhoneSimulator.ActiveCfg = Release|Any CPU
		{F929F57D-94A1-4F99-B073-7EB33C9377CD}.Release|iPhoneSimulator.Build.0 = Release|Any CPU
		{F929F57D-94A1-4F99-B073-7EB33C9377CD}.Release|iPhoneSimulator.Deploy.0 = Release|Any CPU
		{F929F57D-94A1-4F99-B073-7EB33C9377CD}.Release|x64.ActiveCfg = Release|Any CPU
		{F929F57D-94A1-4F99-B073-7EB33C9377CD}.Release|x64.Build.0 = Release|Any CPU
		{F929F57D-94A1-4F99-B073-7EB33C9377CD}.Release|x64.Deploy.0 = Release|Any CPU
		{F929F57D-94A1-4F99-B073-7EB33C9377CD}.Release|x86.ActiveCfg = Release|Any CPU
		{F929F57D-94A1-4F99-B073-7EB33C9377CD}.Release|x86.Build.0 = Release|Any CPU
		{F929F57D-94A1-4F99-B073-7EB33C9377CD}.Release|x86.Deploy.0 = Release|Any CPU
		{98D14C63-7DB9-4FDB-AECF-812EA9C6249E}.Ad-Hoc|Any CPU.ActiveCfg = Ad-Hoc|iPhone
		{98D14C63-7DB9-4FDB-AECF-812EA9C6249E}.Ad-Hoc|Any CPU.Build.0 = Ad-Hoc|iPhone
		{98D14C63-7DB9-4FDB-AECF-812EA9C6249E}.Ad-Hoc|Any CPU.Deploy.0 = Ad-Hoc|iPhone
		{98D14C63-7DB9-4FDB-AECF-812EA9C6249E}.Ad-Hoc|ARM.ActiveCfg = Ad-Hoc|iPhone
		{98D14C63-7DB9-4FDB-AECF-812EA9C6249E}.Ad-Hoc|ARM.Build.0 = Ad-Hoc|iPhone
		{98D14C63-7DB9-4FDB-AECF-812EA9C6249E}.Ad-Hoc|ARM.Deploy.0 = Ad-Hoc|iPhone
		{98D14C63-7DB9-4FDB-AECF-812EA9C6249E}.Ad-Hoc|iPhone.ActiveCfg = Ad-Hoc|iPhone
		{98D14C63-7DB9-4FDB-AECF-812EA9C6249E}.Ad-Hoc|iPhone.Build.0 = Ad-Hoc|iPhone
		{98D14C63-7DB9-4FDB-AECF-812EA9C6249E}.Ad-Hoc|iPhone.Deploy.0 = Ad-Hoc|iPhone
		{98D14C63-7DB9-4FDB-AECF-812EA9C6249E}.Ad-Hoc|iPhoneSimulator.ActiveCfg = Ad-Hoc|iPhoneSimulator
		{98D14C63-7DB9-4FDB-AECF-812EA9C6249E}.Ad-Hoc|iPhoneSimulator.Build.0 = Ad-Hoc|iPhoneSimulator
		{98D14C63-7DB9-4FDB-AECF-812EA9C6249E}.Ad-Hoc|iPhoneSimulator.Deploy.0 = Ad-Hoc|iPhoneSimulator
		{98D14C63-7DB9-4FDB-AECF-812EA9C6249E}.Ad-Hoc|x64.ActiveCfg = Ad-Hoc|iPhone
		{98D14C63-7DB9-4FDB-AECF-812EA9C6249E}.Ad-Hoc|x64.Build.0 = Ad-Hoc|iPhone
		{98D14C63-7DB9-4FDB-AECF-812EA9C6249E}.Ad-Hoc|x64.Deploy.0 = Ad-Hoc|iPhone
		{98D14C63-7DB9-4FDB-AECF-812EA9C6249E}.Ad-Hoc|x86.ActiveCfg = Ad-Hoc|iPhone
		{98D14C63-7DB9-4FDB-AECF-812EA9C6249E}.Ad-Hoc|x86.Build.0 = Ad-Hoc|iPhone
		{98D14C63-7DB9-4FDB-AECF-812EA9C6249E}.Ad-Hoc|x86.Deploy.0 = Ad-Hoc|iPhone
		{98D14C63-7DB9-4FDB-AECF-812EA9C6249E}.AppStore|Any CPU.ActiveCfg = AppStore|iPhone
		{98D14C63-7DB9-4FDB-AECF-812EA9C6249E}.AppStore|Any CPU.Build.0 = AppStore|iPhone
		{98D14C63-7DB9-4FDB-AECF-812EA9C6249E}.AppStore|Any CPU.Deploy.0 = AppStore|iPhone
		{98D14C63-7DB9-4FDB-AECF-812EA9C6249E}.AppStore|ARM.ActiveCfg = AppStore|iPhone
		{98D14C63-7DB9-4FDB-AECF-812EA9C6249E}.AppStore|ARM.Build.0 = AppStore|iPhone
		{98D14C63-7DB9-4FDB-AECF-812EA9C6249E}.AppStore|ARM.Deploy.0 = AppStore|iPhone
		{98D14C63-7DB9-4FDB-AECF-812EA9C6249E}.AppStore|iPhone.ActiveCfg = AppStore|iPhone
		{98D14C63-7DB9-4FDB-AECF-812EA9C6249E}.AppStore|iPhone.Build.0 = AppStore|iPhone
		{98D14C63-7DB9-4FDB-AECF-812EA9C6249E}.AppStore|iPhone.Deploy.0 = AppStore|iPhone
		{98D14C63-7DB9-4FDB-AECF-812EA9C6249E}.AppStore|iPhoneSimulator.ActiveCfg = AppStore|iPhoneSimulator
		{98D14C63-7DB9-4FDB-AECF-812EA9C6249E}.AppStore|iPhoneSimulator.Build.0 = AppStore|iPhoneSimulator
		{98D14C63-7DB9-4FDB-AECF-812EA9C6249E}.AppStore|iPhoneSimulator.Deploy.0 = AppStore|iPhoneSimulator
		{98D14C63-7DB9-4FDB-AECF-812EA9C6249E}.AppStore|x64.ActiveCfg = AppStore|iPhone
		{98D14C63-7DB9-4FDB-AECF-812EA9C6249E}.AppStore|x64.Build.0 = AppStore|iPhone
		{98D14C63-7DB9-4FDB-AECF-812EA9C6249E}.AppStore|x64.Deploy.0 = AppStore|iPhone
		{98D14C63-7DB9-4FDB-AECF-812EA9C6249E}.AppStore|x86.ActiveCfg = AppStore|iPhone
		{98D14C63-7DB9-4FDB-AECF-812EA9C6249E}.AppStore|x86.Build.0 = AppStore|iPhone
		{98D14C63-7DB9-4FDB-AECF-812EA9C6249E}.AppStore|x86.Deploy.0 = AppStore|iPhone
		{98D14C63-7DB9-4FDB-AECF-812EA9C6249E}.Debug|Any CPU.ActiveCfg = Debug|iPhoneSimulator
		{98D14C63-7DB9-4FDB-AECF-812EA9C6249E}.Debug|Any CPU.Build.0 = Debug|iPhoneSimulator
		{98D14C63-7DB9-4FDB-AECF-812EA9C6249E}.Debug|Any CPU.Deploy.0 = Debug|iPhoneSimulator
		{98D14C63-7DB9-4FDB-AECF-812EA9C6249E}.Debug|ARM.ActiveCfg = Debug|iPhone
		{98D14C63-7DB9-4FDB-AECF-812EA9C6249E}.Debug|ARM.Build.0 = Debug|iPhone
		{98D14C63-7DB9-4FDB-AECF-812EA9C6249E}.Debug|ARM.Deploy.0 = Debug|iPhone
		{98D14C63-7DB9-4FDB-AECF-812EA9C6249E}.Debug|iPhone.ActiveCfg = Debug|iPhone
		{98D14C63-7DB9-4FDB-AECF-812EA9C6249E}.Debug|iPhone.Build.0 = Debug|iPhone
		{98D14C63-7DB9-4FDB-AECF-812EA9C6249E}.Debug|iPhone.Deploy.0 = Debug|iPhone
		{98D14C63-7DB9-4FDB-AECF-812EA9C6249E}.Debug|iPhoneSimulator.ActiveCfg = Debug|iPhoneSimulator
		{98D14C63-7DB9-4FDB-AECF-812EA9C6249E}.Debug|iPhoneSimulator.Build.0 = Debug|iPhoneSimulator
		{98D14C63-7DB9-4FDB-AECF-812EA9C6249E}.Debug|iPhoneSimulator.Deploy.0 = Debug|iPhoneSimulator
		{98D14C63-7DB9-4FDB-AECF-812EA9C6249E}.Debug|x64.ActiveCfg = Debug|iPhone
		{98D14C63-7DB9-4FDB-AECF-812EA9C6249E}.Debug|x64.Build.0 = Debug|iPhone
		{98D14C63-7DB9-4FDB-AECF-812EA9C6249E}.Debug|x64.Deploy.0 = Debug|iPhone
		{98D14C63-7DB9-4FDB-AECF-812EA9C6249E}.Debug|x86.ActiveCfg = Debug|iPhone
		{98D14C63-7DB9-4FDB-AECF-812EA9C6249E}.Debug|x86.Build.0 = Debug|iPhone
		{98D14C63-7DB9-4FDB-AECF-812EA9C6249E}.Debug|x86.Deploy.0 = Debug|iPhone
		{98D14C63-7DB9-4FDB-AECF-812EA9C6249E}.Release|Any CPU.ActiveCfg = Release|iPhone
		{98D14C63-7DB9-4FDB-AECF-812EA9C6249E}.Release|Any CPU.Build.0 = Release|iPhone
		{98D14C63-7DB9-4FDB-AECF-812EA9C6249E}.Release|Any CPU.Deploy.0 = Release|iPhone
		{98D14C63-7DB9-4FDB-AECF-812EA9C6249E}.Release|ARM.ActiveCfg = Release|iPhone
		{98D14C63-7DB9-4FDB-AECF-812EA9C6249E}.Release|ARM.Build.0 = Release|iPhone
		{98D14C63-7DB9-4FDB-AECF-812EA9C6249E}.Release|ARM.Deploy.0 = Release|iPhone
		{98D14C63-7DB9-4FDB-AECF-812EA9C6249E}.Release|iPhone.ActiveCfg = Release|iPhone
		{98D14C63-7DB9-4FDB-AECF-812EA9C6249E}.Release|iPhone.Build.0 = Release|iPhone
		{98D14C63-7DB9-4FDB-AECF-812EA9C6249E}.Release|iPhone.Deploy.0 = Release|iPhone
		{98D14C63-7DB9-4FDB-AECF-812EA9C6249E}.Release|iPhoneSimulator.ActiveCfg = Release|iPhoneSimulator
		{98D14C63-7DB9-4FDB-AECF-812EA9C6249E}.Release|iPhoneSimulator.Build.0 = Release|iPhoneSimulator
		{98D14C63-7DB9-4FDB-AECF-812EA9C6249E}.Release|iPhoneSimulator.Deploy.0 = Release|iPhoneSimulator
		{98D14C63-7DB9-4FDB-AECF-812EA9C6249E}.Release|x64.ActiveCfg = Release|iPhone
		{98D14C63-7DB9-4FDB-AECF-812EA9C6249E}.Release|x64.Build.0 = Release|iPhone
		{98D14C63-7DB9-4FDB-AECF-812EA9C6249E}.Release|x64.Deploy.0 = Release|iPhone
		{98D14C63-7DB9-4FDB-AECF-812EA9C6249E}.Release|x86.ActiveCfg = Release|iPhone
		{98D14C63-7DB9-4FDB-AECF-812EA9C6249E}.Release|x86.Build.0 = Release|iPhone
		{98D14C63-7DB9-4FDB-AECF-812EA9C6249E}.Release|x86.Deploy.0 = Release|iPhone
		{2E81BA74-78C6-4847-9C75-99A8A49550D0}.Ad-Hoc|Any CPU.ActiveCfg = Release|x86
		{2E81BA74-78C6-4847-9C75-99A8A49550D0}.Ad-Hoc|Any CPU.Build.0 = Release|x86
		{2E81BA74-78C6-4847-9C75-99A8A49550D0}.Ad-Hoc|Any CPU.Deploy.0 = Release|x86
		{2E81BA74-78C6-4847-9C75-99A8A49550D0}.Ad-Hoc|ARM.ActiveCfg = Release|ARM
		{2E81BA74-78C6-4847-9C75-99A8A49550D0}.Ad-Hoc|ARM.Build.0 = Release|ARM
		{2E81BA74-78C6-4847-9C75-99A8A49550D0}.Ad-Hoc|ARM.Deploy.0 = Release|ARM
		{2E81BA74-78C6-4847-9C75-99A8A49550D0}.Ad-Hoc|iPhone.ActiveCfg = Release|x86
		{2E81BA74-78C6-4847-9C75-99A8A49550D0}.Ad-Hoc|iPhone.Build.0 = Release|x86
		{2E81BA74-78C6-4847-9C75-99A8A49550D0}.Ad-Hoc|iPhone.Deploy.0 = Release|x86
		{2E81BA74-78C6-4847-9C75-99A8A49550D0}.Ad-Hoc|iPhoneSimulator.ActiveCfg = Release|x86
		{2E81BA74-78C6-4847-9C75-99A8A49550D0}.Ad-Hoc|iPhoneSimulator.Build.0 = Release|x86
		{2E81BA74-78C6-4847-9C75-99A8A49550D0}.Ad-Hoc|iPhoneSimulator.Deploy.0 = Release|x86
		{2E81BA74-78C6-4847-9C75-99A8A49550D0}.Ad-Hoc|x64.ActiveCfg = Release|x64
		{2E81BA74-78C6-4847-9C75-99A8A49550D0}.Ad-Hoc|x64.Build.0 = Release|x64
		{2E81BA74-78C6-4847-9C75-99A8A49550D0}.Ad-Hoc|x64.Deploy.0 = Release|x64
		{2E81BA74-78C6-4847-9C75-99A8A49550D0}.Ad-Hoc|x86.ActiveCfg = Release|x86
		{2E81BA74-78C6-4847-9C75-99A8A49550D0}.Ad-Hoc|x86.Build.0 = Release|x86
		{2E81BA74-78C6-4847-9C75-99A8A49550D0}.Ad-Hoc|x86.Deploy.0 = Release|x86
		{2E81BA74-78C6-4847-9C75-99A8A49550D0}.AppStore|Any CPU.ActiveCfg = Release|x86
		{2E81BA74-78C6-4847-9C75-99A8A49550D0}.AppStore|Any CPU.Build.0 = Release|x86
		{2E81BA74-78C6-4847-9C75-99A8A49550D0}.AppStore|Any CPU.Deploy.0 = Release|x86
		{2E81BA74-78C6-4847-9C75-99A8A49550D0}.AppStore|ARM.ActiveCfg = Release|ARM
		{2E81BA74-78C6-4847-9C75-99A8A49550D0}.AppStore|ARM.Build.0 = Release|ARM
		{2E81BA74-78C6-4847-9C75-99A8A49550D0}.AppStore|ARM.Deploy.0 = Release|ARM
		{2E81BA74-78C6-4847-9C75-99A8A49550D0}.AppStore|iPhone.ActiveCfg = Release|x86
		{2E81BA74-78C6-4847-9C75-99A8A49550D0}.AppStore|iPhone.Build.0 = Release|x86
		{2E81BA74-78C6-4847-9C75-99A8A49550D0}.AppStore|iPhone.Deploy.0 = Release|x86
		{2E81BA74-78C6-4847-9C75-99A8A49550D0}.AppStore|iPhoneSimulator.ActiveCfg = Release|x86
		{2E81BA74-78C6-4847-9C75-99A8A49550D0}.AppStore|iPhoneSimulator.Build.0 = Release|x86
		{2E81BA74-78C6-4847-9C75-99A8A49550D0}.AppStore|iPhoneSimulator.Deploy.0 = Release|x86
		{2E81BA74-78C6-4847-9C75-99A8A49550D0}.AppStore|x64.ActiveCfg = Release|x64
		{2E81BA74-78C6-4847-9C75-99A8A49550D0}.AppStore|x64.Build.0 = Release|x64
		{2E81BA74-78C6-4847-9C75-99A8A49550D0}.AppStore|x64.Deploy.0 = Release|x64
		{2E81BA74-78C6-4847-9C75-99A8A49550D0}.AppStore|x86.ActiveCfg = Release|x86
		{2E81BA74-78C6-4847-9C75-99A8A49550D0}.AppStore|x86.Build.0 = Release|x86
		{2E81BA74-78C6-4847-9C75-99A8A49550D0}.AppStore|x86.Deploy.0 = Release|x86
		{2E81BA74-78C6-4847-9C75-99A8A49550D0}.Debug|Any CPU.ActiveCfg = Debug|x86
		{2E81BA74-78C6-4847-9C75-99A8A49550D0}.Debug|Any CPU.Build.0 = Debug|x86
		{2E81BA74-78C6-4847-9C75-99A8A49550D0}.Debug|Any CPU.Deploy.0 = Debug|x86
		{2E81BA74-78C6-4847-9C75-99A8A49550D0}.Debug|ARM.ActiveCfg = Debug|ARM
		{2E81BA74-78C6-4847-9C75-99A8A49550D0}.Debug|ARM.Build.0 = Debug|ARM
		{2E81BA74-78C6-4847-9C75-99A8A49550D0}.Debug|ARM.Deploy.0 = Debug|ARM
		{2E81BA74-78C6-4847-9C75-99A8A49550D0}.Debug|iPhone.ActiveCfg = Debug|x86
		{2E81BA74-78C6-4847-9C75-99A8A49550D0}.Debug|iPhone.Build.0 = Debug|x86
		{2E81BA74-78C6-4847-9C75-99A8A49550D0}.Debug|iPhone.Deploy.0 = Debug|x86
		{2E81BA74-78C6-4847-9C75-99A8A49550D0}.Debug|iPhoneSimulator.ActiveCfg = Debug|x86
		{2E81BA74-78C6-4847-9C75-99A8A49550D0}.Debug|iPhoneSimulator.Build.0 = Debug|x86
		{2E81BA74-78C6-4847-9C75-99A8A49550D0}.Debug|iPhoneSimulator.Deploy.0 = Debug|x86
		{2E81BA74-78C6-4847-9C75-99A8A49550D0}.Debug|x64.ActiveCfg = Debug|x64
		{2E81BA74-78C6-4847-9C75-99A8A49550D0}.Debug|x64.Build.0 = Debug|x64
		{2E81BA74-78C6-4847-9C75-99A8A49550D0}.Debug|x64.Deploy.0 = Debug|x64
		{2E81BA74-78C6-4847-9C75-99A8A49550D0}.Debug|x86.ActiveCfg = Debug|x86
		{2E81BA74-78C6-4847-9C75-99A8A49550D0}.Debug|x86.Build.0 = Debug|x86
		{2E81BA74-78C6-4847-9C75-99A8A49550D0}.Debug|x86.Deploy.0 = Debug|x86
		{2E81BA74-78C6-4847-9C75-99A8A49550D0}.Release|Any CPU.ActiveCfg = Release|x86
		{2E81BA74-78C6-4847-9C75-99A8A49550D0}.Release|Any CPU.Build.0 = Release|x86
		{2E81BA74-78C6-4847-9C75-99A8A49550D0}.Release|Any CPU.Deploy.0 = Release|x86
		{2E81BA74-78C6-4847-9C75-99A8A49550D0}.Release|ARM.ActiveCfg = Release|ARM
		{2E81BA74-78C6-4847-9C75-99A8A49550D0}.Release|ARM.Build.0 = Release|ARM
		{2E81BA74-78C6-4847-9C75-99A8A49550D0}.Release|ARM.Deploy.0 = Release|ARM
		{2E81BA74-78C6-4847-9C75-99A8A49550D0}.Release|iPhone.ActiveCfg = Release|x86
		{2E81BA74-78C6-4847-9C75-99A8A49550D0}.Release|iPhone.Build.0 = Release|x86
		{2E81BA74-78C6-4847-9C75-99A8A49550D0}.Release|iPhone.Deploy.0 = Release|x86
		{2E81BA74-78C6-4847-9C75-99A8A49550D0}.Release|iPhoneSimulator.ActiveCfg = Release|x86
		{2E81BA74-78C6-4847-9C75-99A8A49550D0}.Release|iPhoneSimulator.Build.0 = Release|x86
		{2E81BA74-78C6-4847-9C75-99A8A49550D0}.Release|iPhoneSimulator.Deploy.0 = Release|x86
		{2E81BA74-78C6-4847-9C75-99A8A49550D0}.Release|x64.ActiveCfg = Release|x64
		{2E81BA74-78C6-4847-9C75-99A8A49550D0}.Release|x64.Build.0 = Release|x64
		{2E81BA74-78C6-4847-9C75-99A8A49550D0}.Release|x64.Deploy.0 = Release|x64
		{2E81BA74-78C6-4847-9C75-99A8A49550D0}.Release|x86.ActiveCfg = Release|x86
		{2E81BA74-78C6-4847-9C75-99A8A49550D0}.Release|x86.Build.0 = Release|x86
		{2E81BA74-78C6-4847-9C75-99A8A49550D0}.Release|x86.Deploy.0 = Release|x86
		{37CAC570-A04E-489E-9D61-EC80924559CF}.Ad-Hoc|Any CPU.ActiveCfg = Debug|Any CPU
		{37CAC570-A04E-489E-9D61-EC80924559CF}.Ad-Hoc|Any CPU.Build.0 = Debug|Any CPU
		{37CAC570-A04E-489E-9D61-EC80924559CF}.Ad-Hoc|Any CPU.Deploy.0 = Debug|Any CPU
		{37CAC570-A04E-489E-9D61-EC80924559CF}.Ad-Hoc|ARM.ActiveCfg = Debug|Any CPU
		{37CAC570-A04E-489E-9D61-EC80924559CF}.Ad-Hoc|ARM.Build.0 = Debug|Any CPU
		{37CAC570-A04E-489E-9D61-EC80924559CF}.Ad-Hoc|ARM.Deploy.0 = Debug|Any CPU
		{37CAC570-A04E-489E-9D61-EC80924559CF}.Ad-Hoc|iPhone.ActiveCfg = Debug|Any CPU
		{37CAC570-A04E-489E-9D61-EC80924559CF}.Ad-Hoc|iPhone.Build.0 = Debug|Any CPU
		{37CAC570-A04E-489E-9D61-EC80924559CF}.Ad-Hoc|iPhone.Deploy.0 = Debug|Any CPU
		{37CAC570-A04E-489E-9D61-EC80924559CF}.Ad-Hoc|iPhoneSimulator.ActiveCfg = Debug|Any CPU
		{37CAC570-A04E-489E-9D61-EC80924559CF}.Ad-Hoc|iPhoneSimulator.Build.0 = Debug|Any CPU
		{37CAC570-A04E-489E-9D61-EC80924559CF}.Ad-Hoc|iPhoneSimulator.Deploy.0 = Debug|Any CPU
		{37CAC570-A04E-489E-9D61-EC80924559CF}.Ad-Hoc|x64.ActiveCfg = Debug|Any CPU
		{37CAC570-A04E-489E-9D61-EC80924559CF}.Ad-Hoc|x64.Build.0 = Debug|Any CPU
		{37CAC570-A04E-489E-9D61-EC80924559CF}.Ad-Hoc|x64.Deploy.0 = Debug|Any CPU
		{37CAC570-A04E-489E-9D61-EC80924559CF}.Ad-Hoc|x86.ActiveCfg = Debug|Any CPU
		{37CAC570-A04E-489E-9D61-EC80924559CF}.Ad-Hoc|x86.Build.0 = Debug|Any CPU
		{37CAC570-A04E-489E-9D61-EC80924559CF}.Ad-Hoc|x86.Deploy.0 = Debug|Any CPU
		{37CAC570-A04E-489E-9D61-EC80924559CF}.AppStore|Any CPU.ActiveCfg = Debug|Any CPU
		{37CAC570-A04E-489E-9D61-EC80924559CF}.AppStore|Any CPU.Build.0 = Debug|Any CPU
		{37CAC570-A04E-489E-9D61-EC80924559CF}.AppStore|Any CPU.Deploy.0 = Debug|Any CPU
		{37CAC570-A04E-489E-9D61-EC80924559CF}.AppStore|ARM.ActiveCfg = Debug|Any CPU
		{37CAC570-A04E-489E-9D61-EC80924559CF}.AppStore|ARM.Build.0 = Debug|Any CPU
		{37CAC570-A04E-489E-9D61-EC80924559CF}.AppStore|ARM.Deploy.0 = Debug|Any CPU
		{37CAC570-A04E-489E-9D61-EC80924559CF}.AppStore|iPhone.ActiveCfg = Debug|Any CPU
		{37CAC570-A04E-489E-9D61-EC80924559CF}.AppStore|iPhone.Build.0 = Debug|Any CPU
		{37CAC570-A04E-489E-9D61-EC80924559CF}.AppStore|iPhone.Deploy.0 = Debug|Any CPU
		{37CAC570-A04E-489E-9D61-EC80924559CF}.AppStore|iPhoneSimulator.ActiveCfg = Debug|Any CPU
		{37CAC570-A04E-489E-9D61-EC80924559CF}.AppStore|iPhoneSimulator.Build.0 = Debug|Any CPU
		{37CAC570-A04E-489E-9D61-EC80924559CF}.AppStore|iPhoneSimulator.Deploy.0 = Debug|Any CPU
		{37CAC570-A04E-489E-9D61-EC80924559CF}.AppStore|x64.ActiveCfg = Debug|Any CPU
		{37CAC570-A04E-489E-9D61-EC80924559CF}.AppStore|x64.Build.0 = Debug|Any CPU
		{37CAC570-A04E-489E-9D61-EC80924559CF}.AppStore|x64.Deploy.0 = Debug|Any CPU
		{37CAC570-A04E-489E-9D61-EC80924559CF}.AppStore|x86.ActiveCfg = Debug|Any CPU
		{37CAC570-A04E-489E-9D61-EC80924559CF}.AppStore|x86.Build.0 = Debug|Any CPU
		{37CAC570-A04E-489E-9D61-EC80924559CF}.AppStore|x86.Deploy.0 = Debug|Any CPU
		{37CAC570-A04E-489E-9D61-EC80924559CF}.Debug|Any CPU.ActiveCfg = Debug|Any CPU
		{37CAC570-A04E-489E-9D61-EC80924559CF}.Debug|Any CPU.Build.0 = Debug|Any CPU
		{37CAC570-A04E-489E-9D61-EC80924559CF}.Debug|Any CPU.Deploy.0 = Debug|Any CPU
		{37CAC570-A04E-489E-9D61-EC80924559CF}.Debug|ARM.ActiveCfg = Debug|Any CPU
		{37CAC570-A04E-489E-9D61-EC80924559CF}.Debug|ARM.Build.0 = Debug|Any CPU
		{37CAC570-A04E-489E-9D61-EC80924559CF}.Debug|ARM.Deploy.0 = Debug|Any CPU
		{37CAC570-A04E-489E-9D61-EC80924559CF}.Debug|iPhone.ActiveCfg = Debug|Any CPU
		{37CAC570-A04E-489E-9D61-EC80924559CF}.Debug|iPhone.Build.0 = Debug|Any CPU
		{37CAC570-A04E-489E-9D61-EC80924559CF}.Debug|iPhone.Deploy.0 = Debug|Any CPU
		{37CAC570-A04E-489E-9D61-EC80924559CF}.Debug|iPhoneSimulator.ActiveCfg = Debug|Any CPU
		{37CAC570-A04E-489E-9D61-EC80924559CF}.Debug|iPhoneSimulator.Build.0 = Debug|Any CPU
		{37CAC570-A04E-489E-9D61-EC80924559CF}.Debug|iPhoneSimulator.Deploy.0 = Debug|Any CPU
		{37CAC570-A04E-489E-9D61-EC80924559CF}.Debug|x64.ActiveCfg = Debug|Any CPU
		{37CAC570-A04E-489E-9D61-EC80924559CF}.Debug|x64.Build.0 = Debug|Any CPU
		{37CAC570-A04E-489E-9D61-EC80924559CF}.Debug|x64.Deploy.0 = Debug|Any CPU
		{37CAC570-A04E-489E-9D61-EC80924559CF}.Debug|x86.ActiveCfg = Debug|Any CPU
		{37CAC570-A04E-489E-9D61-EC80924559CF}.Debug|x86.Build.0 = Debug|Any CPU
		{37CAC570-A04E-489E-9D61-EC80924559CF}.Debug|x86.Deploy.0 = Debug|Any CPU
		{37CAC570-A04E-489E-9D61-EC80924559CF}.Release|Any CPU.ActiveCfg = Release|Any CPU
		{37CAC570-A04E-489E-9D61-EC80924559CF}.Release|Any CPU.Build.0 = Release|Any CPU
		{37CAC570-A04E-489E-9D61-EC80924559CF}.Release|Any CPU.Deploy.0 = Release|Any CPU
		{37CAC570-A04E-489E-9D61-EC80924559CF}.Release|ARM.ActiveCfg = Release|Any CPU
		{37CAC570-A04E-489E-9D61-EC80924559CF}.Release|ARM.Build.0 = Release|Any CPU
		{37CAC570-A04E-489E-9D61-EC80924559CF}.Release|ARM.Deploy.0 = Release|Any CPU
		{37CAC570-A04E-489E-9D61-EC80924559CF}.Release|iPhone.ActiveCfg = Release|Any CPU
		{37CAC570-A04E-489E-9D61-EC80924559CF}.Release|iPhone.Build.0 = Release|Any CPU
		{37CAC570-A04E-489E-9D61-EC80924559CF}.Release|iPhone.Deploy.0 = Release|Any CPU
		{37CAC570-A04E-489E-9D61-EC80924559CF}.Release|iPhoneSimulator.ActiveCfg = Release|Any CPU
		{37CAC570-A04E-489E-9D61-EC80924559CF}.Release|iPhoneSimulator.Build.0 = Release|Any CPU
		{37CAC570-A04E-489E-9D61-EC80924559CF}.Release|iPhoneSimulator.Deploy.0 = Release|Any CPU
		{37CAC570-A04E-489E-9D61-EC80924559CF}.Release|x64.ActiveCfg = Release|Any CPU
		{37CAC570-A04E-489E-9D61-EC80924559CF}.Release|x64.Build.0 = Release|Any CPU
		{37CAC570-A04E-489E-9D61-EC80924559CF}.Release|x64.Deploy.0 = Release|Any CPU
		{37CAC570-A04E-489E-9D61-EC80924559CF}.Release|x86.ActiveCfg = Release|Any CPU
		{37CAC570-A04E-489E-9D61-EC80924559CF}.Release|x86.Build.0 = Release|Any CPU
		{37CAC570-A04E-489E-9D61-EC80924559CF}.Release|x86.Deploy.0 = Release|Any CPU
		{59F649EB-EFC4-40F0-A96B-D268903E399E}.Ad-Hoc|Any CPU.ActiveCfg = Release|Any CPU
		{59F649EB-EFC4-40F0-A96B-D268903E399E}.Ad-Hoc|Any CPU.Build.0 = Release|Any CPU
		{59F649EB-EFC4-40F0-A96B-D268903E399E}.Ad-Hoc|ARM.ActiveCfg = Release|Any CPU
		{59F649EB-EFC4-40F0-A96B-D268903E399E}.Ad-Hoc|ARM.Build.0 = Release|Any CPU
		{59F649EB-EFC4-40F0-A96B-D268903E399E}.Ad-Hoc|iPhone.ActiveCfg = Release|Any CPU
		{59F649EB-EFC4-40F0-A96B-D268903E399E}.Ad-Hoc|iPhone.Build.0 = Release|Any CPU
		{59F649EB-EFC4-40F0-A96B-D268903E399E}.Ad-Hoc|iPhoneSimulator.ActiveCfg = Release|Any CPU
		{59F649EB-EFC4-40F0-A96B-D268903E399E}.Ad-Hoc|iPhoneSimulator.Build.0 = Release|Any CPU
		{59F649EB-EFC4-40F0-A96B-D268903E399E}.Ad-Hoc|x64.ActiveCfg = Release|Any CPU
		{59F649EB-EFC4-40F0-A96B-D268903E399E}.Ad-Hoc|x64.Build.0 = Release|Any CPU
		{59F649EB-EFC4-40F0-A96B-D268903E399E}.Ad-Hoc|x86.ActiveCfg = Release|Any CPU
		{59F649EB-EFC4-40F0-A96B-D268903E399E}.Ad-Hoc|x86.Build.0 = Release|Any CPU
		{59F649EB-EFC4-40F0-A96B-D268903E399E}.AppStore|Any CPU.ActiveCfg = Release|Any CPU
		{59F649EB-EFC4-40F0-A96B-D268903E399E}.AppStore|Any CPU.Build.0 = Release|Any CPU
		{59F649EB-EFC4-40F0-A96B-D268903E399E}.AppStore|ARM.ActiveCfg = Release|Any CPU
		{59F649EB-EFC4-40F0-A96B-D268903E399E}.AppStore|ARM.Build.0 = Release|Any CPU
		{59F649EB-EFC4-40F0-A96B-D268903E399E}.AppStore|iPhone.ActiveCfg = Release|Any CPU
		{59F649EB-EFC4-40F0-A96B-D268903E399E}.AppStore|iPhone.Build.0 = Release|Any CPU
		{59F649EB-EFC4-40F0-A96B-D268903E399E}.AppStore|iPhoneSimulator.ActiveCfg = Release|Any CPU
		{59F649EB-EFC4-40F0-A96B-D268903E399E}.AppStore|iPhoneSimulator.Build.0 = Release|Any CPU
		{59F649EB-EFC4-40F0-A96B-D268903E399E}.AppStore|x64.ActiveCfg = Release|Any CPU
		{59F649EB-EFC4-40F0-A96B-D268903E399E}.AppStore|x64.Build.0 = Release|Any CPU
		{59F649EB-EFC4-40F0-A96B-D268903E399E}.AppStore|x86.ActiveCfg = Release|Any CPU
		{59F649EB-EFC4-40F0-A96B-D268903E399E}.AppStore|x86.Build.0 = Release|Any CPU
		{59F649EB-EFC4-40F0-A96B-D268903E399E}.Debug|Any CPU.ActiveCfg = Debug|Any CPU
		{59F649EB-EFC4-40F0-A96B-D268903E399E}.Debug|Any CPU.Build.0 = Debug|Any CPU
		{59F649EB-EFC4-40F0-A96B-D268903E399E}.Debug|ARM.ActiveCfg = Debug|Any CPU
		{59F649EB-EFC4-40F0-A96B-D268903E399E}.Debug|ARM.Build.0 = Debug|Any CPU
		{59F649EB-EFC4-40F0-A96B-D268903E399E}.Debug|iPhone.ActiveCfg = Debug|Any CPU
		{59F649EB-EFC4-40F0-A96B-D268903E399E}.Debug|iPhone.Build.0 = Debug|Any CPU
		{59F649EB-EFC4-40F0-A96B-D268903E399E}.Debug|iPhoneSimulator.ActiveCfg = Debug|Any CPU
		{59F649EB-EFC4-40F0-A96B-D268903E399E}.Debug|iPhoneSimulator.Build.0 = Debug|Any CPU
		{59F649EB-EFC4-40F0-A96B-D268903E399E}.Debug|x64.ActiveCfg = Debug|Any CPU
		{59F649EB-EFC4-40F0-A96B-D268903E399E}.Debug|x64.Build.0 = Debug|Any CPU
		{59F649EB-EFC4-40F0-A96B-D268903E399E}.Debug|x86.ActiveCfg = Debug|Any CPU
		{59F649EB-EFC4-40F0-A96B-D268903E399E}.Debug|x86.Build.0 = Debug|Any CPU
		{59F649EB-EFC4-40F0-A96B-D268903E399E}.Release|Any CPU.ActiveCfg = Release|Any CPU
		{59F649EB-EFC4-40F0-A96B-D268903E399E}.Release|Any CPU.Build.0 = Release|Any CPU
		{59F649EB-EFC4-40F0-A96B-D268903E399E}.Release|ARM.ActiveCfg = Release|Any CPU
		{59F649EB-EFC4-40F0-A96B-D268903E399E}.Release|ARM.Build.0 = Release|Any CPU
		{59F649EB-EFC4-40F0-A96B-D268903E399E}.Release|iPhone.ActiveCfg = Release|Any CPU
		{59F649EB-EFC4-40F0-A96B-D268903E399E}.Release|iPhone.Build.0 = Release|Any CPU
		{59F649EB-EFC4-40F0-A96B-D268903E399E}.Release|iPhoneSimulator.ActiveCfg = Release|Any CPU
		{59F649EB-EFC4-40F0-A96B-D268903E399E}.Release|iPhoneSimulator.Build.0 = Release|Any CPU
		{59F649EB-EFC4-40F0-A96B-D268903E399E}.Release|x64.ActiveCfg = Release|Any CPU
		{59F649EB-EFC4-40F0-A96B-D268903E399E}.Release|x64.Build.0 = Release|Any CPU
		{59F649EB-EFC4-40F0-A96B-D268903E399E}.Release|x86.ActiveCfg = Release|Any CPU
		{59F649EB-EFC4-40F0-A96B-D268903E399E}.Release|x86.Build.0 = Release|Any CPU
		{2137F0A3-14DC-4BFC-B641-CEEEE8E67CCB}.Ad-Hoc|Any CPU.ActiveCfg = Release|Any CPU
		{2137F0A3-14DC-4BFC-B641-CEEEE8E67CCB}.Ad-Hoc|Any CPU.Build.0 = Release|Any CPU
		{2137F0A3-14DC-4BFC-B641-CEEEE8E67CCB}.Ad-Hoc|ARM.ActiveCfg = Release|Any CPU
		{2137F0A3-14DC-4BFC-B641-CEEEE8E67CCB}.Ad-Hoc|ARM.Build.0 = Release|Any CPU
		{2137F0A3-14DC-4BFC-B641-CEEEE8E67CCB}.Ad-Hoc|iPhone.ActiveCfg = Release|Any CPU
		{2137F0A3-14DC-4BFC-B641-CEEEE8E67CCB}.Ad-Hoc|iPhone.Build.0 = Release|Any CPU
		{2137F0A3-14DC-4BFC-B641-CEEEE8E67CCB}.Ad-Hoc|iPhoneSimulator.ActiveCfg = Release|Any CPU
		{2137F0A3-14DC-4BFC-B641-CEEEE8E67CCB}.Ad-Hoc|iPhoneSimulator.Build.0 = Release|Any CPU
		{2137F0A3-14DC-4BFC-B641-CEEEE8E67CCB}.Ad-Hoc|x64.ActiveCfg = Release|Any CPU
		{2137F0A3-14DC-4BFC-B641-CEEEE8E67CCB}.Ad-Hoc|x64.Build.0 = Release|Any CPU
		{2137F0A3-14DC-4BFC-B641-CEEEE8E67CCB}.Ad-Hoc|x86.ActiveCfg = Release|Any CPU
		{2137F0A3-14DC-4BFC-B641-CEEEE8E67CCB}.Ad-Hoc|x86.Build.0 = Release|Any CPU
		{2137F0A3-14DC-4BFC-B641-CEEEE8E67CCB}.AppStore|Any CPU.ActiveCfg = Release|Any CPU
		{2137F0A3-14DC-4BFC-B641-CEEEE8E67CCB}.AppStore|Any CPU.Build.0 = Release|Any CPU
		{2137F0A3-14DC-4BFC-B641-CEEEE8E67CCB}.AppStore|ARM.ActiveCfg = Release|Any CPU
		{2137F0A3-14DC-4BFC-B641-CEEEE8E67CCB}.AppStore|ARM.Build.0 = Release|Any CPU
		{2137F0A3-14DC-4BFC-B641-CEEEE8E67CCB}.AppStore|iPhone.ActiveCfg = Release|Any CPU
		{2137F0A3-14DC-4BFC-B641-CEEEE8E67CCB}.AppStore|iPhone.Build.0 = Release|Any CPU
		{2137F0A3-14DC-4BFC-B641-CEEEE8E67CCB}.AppStore|iPhoneSimulator.ActiveCfg = Release|Any CPU
		{2137F0A3-14DC-4BFC-B641-CEEEE8E67CCB}.AppStore|iPhoneSimulator.Build.0 = Release|Any CPU
		{2137F0A3-14DC-4BFC-B641-CEEEE8E67CCB}.AppStore|x64.ActiveCfg = Release|Any CPU
		{2137F0A3-14DC-4BFC-B641-CEEEE8E67CCB}.AppStore|x64.Build.0 = Release|Any CPU
		{2137F0A3-14DC-4BFC-B641-CEEEE8E67CCB}.AppStore|x86.ActiveCfg = Release|Any CPU
		{2137F0A3-14DC-4BFC-B641-CEEEE8E67CCB}.AppStore|x86.Build.0 = Release|Any CPU
		{2137F0A3-14DC-4BFC-B641-CEEEE8E67CCB}.Debug|Any CPU.ActiveCfg = Debug|Any CPU
		{2137F0A3-14DC-4BFC-B641-CEEEE8E67CCB}.Debug|Any CPU.Build.0 = Debug|Any CPU
		{2137F0A3-14DC-4BFC-B641-CEEEE8E67CCB}.Debug|ARM.ActiveCfg = Debug|Any CPU
		{2137F0A3-14DC-4BFC-B641-CEEEE8E67CCB}.Debug|ARM.Build.0 = Debug|Any CPU
		{2137F0A3-14DC-4BFC-B641-CEEEE8E67CCB}.Debug|iPhone.ActiveCfg = Debug|Any CPU
		{2137F0A3-14DC-4BFC-B641-CEEEE8E67CCB}.Debug|iPhone.Build.0 = Debug|Any CPU
		{2137F0A3-14DC-4BFC-B641-CEEEE8E67CCB}.Debug|iPhoneSimulator.ActiveCfg = Debug|Any CPU
		{2137F0A3-14DC-4BFC-B641-CEEEE8E67CCB}.Debug|iPhoneSimulator.Build.0 = Debug|Any CPU
		{2137F0A3-14DC-4BFC-B641-CEEEE8E67CCB}.Debug|x64.ActiveCfg = Debug|Any CPU
		{2137F0A3-14DC-4BFC-B641-CEEEE8E67CCB}.Debug|x64.Build.0 = Debug|Any CPU
		{2137F0A3-14DC-4BFC-B641-CEEEE8E67CCB}.Debug|x86.ActiveCfg = Debug|Any CPU
		{2137F0A3-14DC-4BFC-B641-CEEEE8E67CCB}.Debug|x86.Build.0 = Debug|Any CPU
		{2137F0A3-14DC-4BFC-B641-CEEEE8E67CCB}.Release|Any CPU.ActiveCfg = Release|Any CPU
		{2137F0A3-14DC-4BFC-B641-CEEEE8E67CCB}.Release|Any CPU.Build.0 = Release|Any CPU
		{2137F0A3-14DC-4BFC-B641-CEEEE8E67CCB}.Release|ARM.ActiveCfg = Release|Any CPU
		{2137F0A3-14DC-4BFC-B641-CEEEE8E67CCB}.Release|ARM.Build.0 = Release|Any CPU
		{2137F0A3-14DC-4BFC-B641-CEEEE8E67CCB}.Release|iPhone.ActiveCfg = Release|Any CPU
		{2137F0A3-14DC-4BFC-B641-CEEEE8E67CCB}.Release|iPhone.Build.0 = Release|Any CPU
		{2137F0A3-14DC-4BFC-B641-CEEEE8E67CCB}.Release|iPhoneSimulator.ActiveCfg = Release|Any CPU
		{2137F0A3-14DC-4BFC-B641-CEEEE8E67CCB}.Release|iPhoneSimulator.Build.0 = Release|Any CPU
		{2137F0A3-14DC-4BFC-B641-CEEEE8E67CCB}.Release|x64.ActiveCfg = Release|Any CPU
		{2137F0A3-14DC-4BFC-B641-CEEEE8E67CCB}.Release|x64.Build.0 = Release|Any CPU
		{2137F0A3-14DC-4BFC-B641-CEEEE8E67CCB}.Release|x86.ActiveCfg = Release|Any CPU
		{2137F0A3-14DC-4BFC-B641-CEEEE8E67CCB}.Release|x86.Build.0 = Release|Any CPU
		{5597BDAF-4EC0-4CF2-A47F-551394F6031D}.Ad-Hoc|Any CPU.ActiveCfg = Release|Any CPU
		{5597BDAF-4EC0-4CF2-A47F-551394F6031D}.Ad-Hoc|Any CPU.Build.0 = Release|Any CPU
		{5597BDAF-4EC0-4CF2-A47F-551394F6031D}.Ad-Hoc|ARM.ActiveCfg = Release|Any CPU
		{5597BDAF-4EC0-4CF2-A47F-551394F6031D}.Ad-Hoc|ARM.Build.0 = Release|Any CPU
		{5597BDAF-4EC0-4CF2-A47F-551394F6031D}.Ad-Hoc|iPhone.ActiveCfg = Release|Any CPU
		{5597BDAF-4EC0-4CF2-A47F-551394F6031D}.Ad-Hoc|iPhone.Build.0 = Release|Any CPU
		{5597BDAF-4EC0-4CF2-A47F-551394F6031D}.Ad-Hoc|iPhoneSimulator.ActiveCfg = Release|Any CPU
		{5597BDAF-4EC0-4CF2-A47F-551394F6031D}.Ad-Hoc|iPhoneSimulator.Build.0 = Release|Any CPU
		{5597BDAF-4EC0-4CF2-A47F-551394F6031D}.Ad-Hoc|x64.ActiveCfg = Release|Any CPU
		{5597BDAF-4EC0-4CF2-A47F-551394F6031D}.Ad-Hoc|x64.Build.0 = Release|Any CPU
		{5597BDAF-4EC0-4CF2-A47F-551394F6031D}.Ad-Hoc|x86.ActiveCfg = Release|Any CPU
		{5597BDAF-4EC0-4CF2-A47F-551394F6031D}.Ad-Hoc|x86.Build.0 = Release|Any CPU
		{5597BDAF-4EC0-4CF2-A47F-551394F6031D}.AppStore|Any CPU.ActiveCfg = Release|Any CPU
		{5597BDAF-4EC0-4CF2-A47F-551394F6031D}.AppStore|Any CPU.Build.0 = Release|Any CPU
		{5597BDAF-4EC0-4CF2-A47F-551394F6031D}.AppStore|ARM.ActiveCfg = Release|Any CPU
		{5597BDAF-4EC0-4CF2-A47F-551394F6031D}.AppStore|ARM.Build.0 = Release|Any CPU
		{5597BDAF-4EC0-4CF2-A47F-551394F6031D}.AppStore|iPhone.ActiveCfg = Release|Any CPU
		{5597BDAF-4EC0-4CF2-A47F-551394F6031D}.AppStore|iPhone.Build.0 = Release|Any CPU
		{5597BDAF-4EC0-4CF2-A47F-551394F6031D}.AppStore|iPhoneSimulator.ActiveCfg = Release|Any CPU
		{5597BDAF-4EC0-4CF2-A47F-551394F6031D}.AppStore|iPhoneSimulator.Build.0 = Release|Any CPU
		{5597BDAF-4EC0-4CF2-A47F-551394F6031D}.AppStore|x64.ActiveCfg = Release|Any CPU
		{5597BDAF-4EC0-4CF2-A47F-551394F6031D}.AppStore|x64.Build.0 = Release|Any CPU
		{5597BDAF-4EC0-4CF2-A47F-551394F6031D}.AppStore|x86.ActiveCfg = Release|Any CPU
		{5597BDAF-4EC0-4CF2-A47F-551394F6031D}.AppStore|x86.Build.0 = Release|Any CPU
		{5597BDAF-4EC0-4CF2-A47F-551394F6031D}.Debug|Any CPU.ActiveCfg = Debug|Any CPU
		{5597BDAF-4EC0-4CF2-A47F-551394F6031D}.Debug|Any CPU.Build.0 = Debug|Any CPU
		{5597BDAF-4EC0-4CF2-A47F-551394F6031D}.Debug|ARM.ActiveCfg = Debug|Any CPU
		{5597BDAF-4EC0-4CF2-A47F-551394F6031D}.Debug|ARM.Build.0 = Debug|Any CPU
		{5597BDAF-4EC0-4CF2-A47F-551394F6031D}.Debug|iPhone.ActiveCfg = Debug|Any CPU
		{5597BDAF-4EC0-4CF2-A47F-551394F6031D}.Debug|iPhone.Build.0 = Debug|Any CPU
		{5597BDAF-4EC0-4CF2-A47F-551394F6031D}.Debug|iPhoneSimulator.ActiveCfg = Debug|Any CPU
		{5597BDAF-4EC0-4CF2-A47F-551394F6031D}.Debug|iPhoneSimulator.Build.0 = Debug|Any CPU
		{5597BDAF-4EC0-4CF2-A47F-551394F6031D}.Debug|x64.ActiveCfg = Debug|Any CPU
		{5597BDAF-4EC0-4CF2-A47F-551394F6031D}.Debug|x64.Build.0 = Debug|Any CPU
		{5597BDAF-4EC0-4CF2-A47F-551394F6031D}.Debug|x86.ActiveCfg = Debug|Any CPU
		{5597BDAF-4EC0-4CF2-A47F-551394F6031D}.Debug|x86.Build.0 = Debug|Any CPU
		{5597BDAF-4EC0-4CF2-A47F-551394F6031D}.Release|Any CPU.ActiveCfg = Release|Any CPU
		{5597BDAF-4EC0-4CF2-A47F-551394F6031D}.Release|Any CPU.Build.0 = Release|Any CPU
		{5597BDAF-4EC0-4CF2-A47F-551394F6031D}.Release|ARM.ActiveCfg = Release|Any CPU
		{5597BDAF-4EC0-4CF2-A47F-551394F6031D}.Release|ARM.Build.0 = Release|Any CPU
		{5597BDAF-4EC0-4CF2-A47F-551394F6031D}.Release|iPhone.ActiveCfg = Release|Any CPU
		{5597BDAF-4EC0-4CF2-A47F-551394F6031D}.Release|iPhone.Build.0 = Release|Any CPU
		{5597BDAF-4EC0-4CF2-A47F-551394F6031D}.Release|iPhoneSimulator.ActiveCfg = Release|Any CPU
		{5597BDAF-4EC0-4CF2-A47F-551394F6031D}.Release|iPhoneSimulator.Build.0 = Release|Any CPU
		{5597BDAF-4EC0-4CF2-A47F-551394F6031D}.Release|x64.ActiveCfg = Release|Any CPU
		{5597BDAF-4EC0-4CF2-A47F-551394F6031D}.Release|x64.Build.0 = Release|Any CPU
		{5597BDAF-4EC0-4CF2-A47F-551394F6031D}.Release|x86.ActiveCfg = Release|Any CPU
		{5597BDAF-4EC0-4CF2-A47F-551394F6031D}.Release|x86.Build.0 = Release|Any CPU
		{4CC3551F-4700-4BAB-9E26-6BF147D9A93B}.Ad-Hoc|Any CPU.ActiveCfg = Release|Any CPU
		{4CC3551F-4700-4BAB-9E26-6BF147D9A93B}.Ad-Hoc|Any CPU.Build.0 = Release|Any CPU
		{4CC3551F-4700-4BAB-9E26-6BF147D9A93B}.Ad-Hoc|ARM.ActiveCfg = Release|Any CPU
		{4CC3551F-4700-4BAB-9E26-6BF147D9A93B}.Ad-Hoc|ARM.Build.0 = Release|Any CPU
		{4CC3551F-4700-4BAB-9E26-6BF147D9A93B}.Ad-Hoc|iPhone.ActiveCfg = Release|Any CPU
		{4CC3551F-4700-4BAB-9E26-6BF147D9A93B}.Ad-Hoc|iPhone.Build.0 = Release|Any CPU
		{4CC3551F-4700-4BAB-9E26-6BF147D9A93B}.Ad-Hoc|iPhoneSimulator.ActiveCfg = Release|Any CPU
		{4CC3551F-4700-4BAB-9E26-6BF147D9A93B}.Ad-Hoc|iPhoneSimulator.Build.0 = Release|Any CPU
		{4CC3551F-4700-4BAB-9E26-6BF147D9A93B}.Ad-Hoc|x64.ActiveCfg = Release|Any CPU
		{4CC3551F-4700-4BAB-9E26-6BF147D9A93B}.Ad-Hoc|x64.Build.0 = Release|Any CPU
		{4CC3551F-4700-4BAB-9E26-6BF147D9A93B}.Ad-Hoc|x86.ActiveCfg = Release|Any CPU
		{4CC3551F-4700-4BAB-9E26-6BF147D9A93B}.Ad-Hoc|x86.Build.0 = Release|Any CPU
		{4CC3551F-4700-4BAB-9E26-6BF147D9A93B}.AppStore|Any CPU.ActiveCfg = Release|Any CPU
		{4CC3551F-4700-4BAB-9E26-6BF147D9A93B}.AppStore|Any CPU.Build.0 = Release|Any CPU
		{4CC3551F-4700-4BAB-9E26-6BF147D9A93B}.AppStore|ARM.ActiveCfg = Release|Any CPU
		{4CC3551F-4700-4BAB-9E26-6BF147D9A93B}.AppStore|ARM.Build.0 = Release|Any CPU
		{4CC3551F-4700-4BAB-9E26-6BF147D9A93B}.AppStore|iPhone.ActiveCfg = Release|Any CPU
		{4CC3551F-4700-4BAB-9E26-6BF147D9A93B}.AppStore|iPhone.Build.0 = Release|Any CPU
		{4CC3551F-4700-4BAB-9E26-6BF147D9A93B}.AppStore|iPhoneSimulator.ActiveCfg = Release|Any CPU
		{4CC3551F-4700-4BAB-9E26-6BF147D9A93B}.AppStore|iPhoneSimulator.Build.0 = Release|Any CPU
		{4CC3551F-4700-4BAB-9E26-6BF147D9A93B}.AppStore|x64.ActiveCfg = Release|Any CPU
		{4CC3551F-4700-4BAB-9E26-6BF147D9A93B}.AppStore|x64.Build.0 = Release|Any CPU
		{4CC3551F-4700-4BAB-9E26-6BF147D9A93B}.AppStore|x86.ActiveCfg = Release|Any CPU
		{4CC3551F-4700-4BAB-9E26-6BF147D9A93B}.AppStore|x86.Build.0 = Release|Any CPU
		{4CC3551F-4700-4BAB-9E26-6BF147D9A93B}.Debug|Any CPU.ActiveCfg = Debug|Any CPU
		{4CC3551F-4700-4BAB-9E26-6BF147D9A93B}.Debug|Any CPU.Build.0 = Debug|Any CPU
		{4CC3551F-4700-4BAB-9E26-6BF147D9A93B}.Debug|ARM.ActiveCfg = Debug|Any CPU
		{4CC3551F-4700-4BAB-9E26-6BF147D9A93B}.Debug|ARM.Build.0 = Debug|Any CPU
		{4CC3551F-4700-4BAB-9E26-6BF147D9A93B}.Debug|iPhone.ActiveCfg = Debug|Any CPU
		{4CC3551F-4700-4BAB-9E26-6BF147D9A93B}.Debug|iPhone.Build.0 = Debug|Any CPU
		{4CC3551F-4700-4BAB-9E26-6BF147D9A93B}.Debug|iPhoneSimulator.ActiveCfg = Debug|Any CPU
		{4CC3551F-4700-4BAB-9E26-6BF147D9A93B}.Debug|iPhoneSimulator.Build.0 = Debug|Any CPU
		{4CC3551F-4700-4BAB-9E26-6BF147D9A93B}.Debug|x64.ActiveCfg = Debug|Any CPU
		{4CC3551F-4700-4BAB-9E26-6BF147D9A93B}.Debug|x64.Build.0 = Debug|Any CPU
		{4CC3551F-4700-4BAB-9E26-6BF147D9A93B}.Debug|x86.ActiveCfg = Debug|Any CPU
		{4CC3551F-4700-4BAB-9E26-6BF147D9A93B}.Debug|x86.Build.0 = Debug|Any CPU
		{4CC3551F-4700-4BAB-9E26-6BF147D9A93B}.Release|Any CPU.ActiveCfg = Release|Any CPU
		{4CC3551F-4700-4BAB-9E26-6BF147D9A93B}.Release|Any CPU.Build.0 = Release|Any CPU
		{4CC3551F-4700-4BAB-9E26-6BF147D9A93B}.Release|ARM.ActiveCfg = Release|Any CPU
		{4CC3551F-4700-4BAB-9E26-6BF147D9A93B}.Release|ARM.Build.0 = Release|Any CPU
		{4CC3551F-4700-4BAB-9E26-6BF147D9A93B}.Release|iPhone.ActiveCfg = Release|Any CPU
		{4CC3551F-4700-4BAB-9E26-6BF147D9A93B}.Release|iPhone.Build.0 = Release|Any CPU
		{4CC3551F-4700-4BAB-9E26-6BF147D9A93B}.Release|iPhoneSimulator.ActiveCfg = Release|Any CPU
		{4CC3551F-4700-4BAB-9E26-6BF147D9A93B}.Release|iPhoneSimulator.Build.0 = Release|Any CPU
		{4CC3551F-4700-4BAB-9E26-6BF147D9A93B}.Release|x64.ActiveCfg = Release|Any CPU
		{4CC3551F-4700-4BAB-9E26-6BF147D9A93B}.Release|x64.Build.0 = Release|Any CPU
		{4CC3551F-4700-4BAB-9E26-6BF147D9A93B}.Release|x86.ActiveCfg = Release|Any CPU
		{4CC3551F-4700-4BAB-9E26-6BF147D9A93B}.Release|x86.Build.0 = Release|Any CPU
	EndGlobalSection
	GlobalSection(SolutionProperties) = preSolution
		HideSolutionNode = FALSE
	EndGlobalSection
	GlobalSection(ExtensibilityGlobals) = postSolution
		SolutionGuid = {564E9680-2EE1-4BA0-AF81-7A8328FDE41A}
	EndGlobalSection
EndGlobal
